
Microsoft Visual Studio Solution File, Format Version 11.00
# Visual Studio 2010
Project("{8BC9CEB8-8B4A-11D0-8D11-00A0C91BC942}") = "CaptureFrames", "CaptureFrames\CaptureFrames.vcxproj", "{B9D425B5-4F95-4569-B4A0-04FD685F3A83}"
EndProject
Global
	GlobalSection(SolutionConfigurationPlatforms) = preSolution
		Debug|Win32 = Debug|Win32
		Release|Win32 = Release|Win32
	EndGlobalSection
	GlobalSection(ProjectConfigurationPlatforms) = postSolution
		{B9D425B5-4F95-4569-B4A0-04FD685F3A83}.Debug|Win32.ActiveCfg = Debug|Win32
		{B9D425B5-4F95-4569-B4A0-04FD685F3A83}.Debug|Win32.Build.0 = Debug|Win32
		{B9D425B5-4F95-4569-B4A0-04FD685F3A83}.Release|Win32.ActiveCfg = Release|Win32
		{B9D425B5-4F95-4569-B4A0-04FD685F3A83}.Release|Win32.Build.0 = Release|Win32
	EndGlobalSection
	GlobalSection(SolutionProperties) = preSolution
		HideSolutionNode = FALSE
	EndGlobalSection
EndGlobal
